Microsoft Visual Studio Solution File, Format Version 12.00
# Visual Studio Version 17
VisualStudioVersion = 17.5.2.0
MinimumVisualStudioVersion = 10.0.40219.1
Project("{FAE04EC0-301F-11D3-BF4B-00C04F79EFBC}") = "Dependencies-Injection", "Dependencies-Injection.csproj", "{CE1BAD20-76C7-6AC8-9E9C-EFB055555897}"
EndProject
Global
	GlobalSection(SolutionConfigurationPlatforms) = preSolution
		Debug|Any CPU = Debug|Any CPU
		Release|Any CPU = Release|Any CPU
	EndGlobalSection
	GlobalSection(ProjectConfigurationPlatforms) = postSolution
		{CE1BAD20-76C7-6AC8-9E9C-EFB055555897}.Debug|Any CPU.ActiveCfg = Debug|Any CPU
		{CE1BAD20-76C7-6AC8-9E9C-EFB055555897}.Debug|Any CPU.Build.0 = Debug|Any CPU
		{CE1BAD20-76C7-6AC8-9E9C-EFB055555897}.Release|Any CPU.ActiveCfg = Release|Any CPU
		{CE1BAD20-76C7-6AC8-9E9C-EFB055555897}.Release|Any CPU.Build.0 = Release|Any CPU
	EndGlobalSection
	GlobalSection(SolutionProperties) = preSolution
		HideSolutionNode = FALSE
	EndGlobalSection
	GlobalSection(ExtensibilityGlobals) = postSolution
		SolutionGuid = {53055F61-2505-46D9-9685-D366AA448456}
	EndGlobalSection
EndGlobal
